// !$*UTF8*$!
{
	archiveVersion = 1;
	classes = {
	};
	objectVersion = 56;
	objects = {

/* Begin PBXBuildFile section */
		085A91262909CA7B000A2D62 /* AppDelegate.swift in Sources */ = {isa = PBXBuildFile; fileRef = 085A91252909CA7B000A2D62 /* AppDelegate.swift */; };
		085A91282909CA7B000A2D62 /* SceneDelegate.swift in Sources */ = {isa = PBXBuildFile; fileRef = 085A91272909CA7B000A2D62 /* SceneDelegate.swift */; };
		085A912D2909CA7B000A2D62 /* Main.storyboard in Resources */ = {isa = PBXBuildFile; fileRef = 085A912B2909CA7B000A2D62 /* Main.storyboard */; };
		085A912F2909CA7E000A2D62 /* Assets.xcassets in Resources */ = {isa = PBXBuildFile; fileRef = 085A912E2909CA7E000A2D62 /* Assets.xcassets */; };
		085A91322909CA7E000A2D62 /* LaunchScreen.storyboard in Resources */ = {isa = PBXBuildFile; fileRef = 085A91302909CA7E000A2D62 /* LaunchScreen.storyboard */; };
		085A913D2909CD02000A2D62 /* ListVC.swift in Sources */ = {isa = PBXBuildFile; fileRef = 085A913C2909CD02000A2D62 /* ListVC.swift */; };
		085A91402909CEA9000A2D62 /* UIViewController+Ext.swift in Sources */ = {isa = PBXBuildFile; fileRef = 085A913F2909CEA9000A2D62 /* UIViewController+Ext.swift */; };
		085A91432909D70B000A2D62 /* TodoListapp.xcdatamodeld in Sources */ = {isa = PBXBuildFile; fileRef = 085A91412909D70B000A2D62 /* TodoListapp.xcdatamodeld */; };
		085A91462909D823000A2D62 /* List+CoreDataClass.swift in Sources */ = {isa = PBXBuildFile; fileRef = 085A91442909D823000A2D62 /* List+CoreDataClass.swift */; };
		085A91472909D823000A2D62 /* List+CoreDataProperties.swift in Sources */ = {isa = PBXBuildFile; fileRef = 085A91452909D823000A2D62 /* List+CoreDataProperties.swift */; };
		085A914B2909DE37000A2D62 /* ListViewModel.swift in Sources */ = {isa = PBXBuildFile; fileRef = 085A914A2909DE37000A2D62 /* ListViewModel.swift */; };
		085A914D2909DF52000A2D62 /* CoreDateHelper.swift in Sources */ = {isa = PBXBuildFile; fileRef = 085A914C2909DF52000A2D62 /* CoreDateHelper.swift */; };
/* End PBXBuildFile section */

/* Begin PBXFileReference section */
		085A91222909CA7B000A2D62 /* Todolistapp.app */ = {isa = PBXFileReference; explicitFileType = wrapper.application; includeInIndex = 0; path = Todolistapp.app; sourceTree = BUILT_PRODUCTS_DIR; };
		085A91252909CA7B000A2D62 /* AppDelegate.swift */ = {isa = PBXFileReference; lastKnownFileType = sourcecode.swift; path = AppDelegate.swift; sourceTree = "<group>"; };
		085A91272909CA7B000A2D62 /* SceneDelegate.swift */ = {isa = PBXFileReference; lastKnownFileType = sourcecode.swift; path = SceneDelegate.swift; sourceTree = "<group>"; };
		085A912C2909CA7B000A2D62 /* Base */ = {isa = PBXFileReference; lastKnownFileType = file.storyboard; name = Base; path = Base.lproj/Main.storyboard; sourceTree = "<group>"; };
		085A912E2909CA7E000A2D62 /* Assets.xcassets */ = {isa = PBXFileReference; lastKnownFileType = folder.assetcatalog; path = Assets.xcassets; sourceTree = "<group>"; };
		085A91312909CA7E000A2D62 /* Base */ = {isa = PBXFileReference; lastKnownFileType = file.storyboard; name = Base; path = Base.lproj/LaunchScreen.storyboard; sourceTree = "<group>"; };
		085A91332909CA7E000A2D62 /* Info.plist */ = {isa = PBXFileReference; lastKnownFileType = text.plist.xml; path = Info.plist; sourceTree = "<group>"; };
		085A913C2909CD02000A2D62 /* ListVC.swift */ = {isa = PBXFileReference; lastKnownFileType = sourcecode.swift; path = ListVC.swift; sourceTree = "<group>"; };
		085A913F2909CEA9000A2D62 /* UIViewController+Ext.swift */ = {isa = PBXFileReference; lastKnownFileType = sourcecode.swift; path = "UIViewController+Ext.swift"; sourceTree = "<group>"; };
		085A91422909D70B000A2D62 /* TodoListapp.xcdatamodel */ = {isa = PBXFileReference; lastKnownFileType = wrapper.xcdatamodel; path = TodoListapp.xcdatamodel; sourceTree = "<group>"; };
		085A91442909D823000A2D62 /* List+CoreDataClass.swift */ = {isa = PBXFileReference; lastKnownFileType = sourcecode.swift; path = "List+CoreDataClass.swift"; sourceTree = "<group>"; };
		085A91452909D823000A2D62 /* List+CoreDataProperties.swift */ = {isa = PBXFileReference; lastKnownFileType = sourcecode.swift; path = "List+CoreDataProperties.swift"; sourceTree = "<group>"; };
		085A914A2909DE37000A2D62 /* ListViewModel.swift */ = {isa = PBXFileReference; lastKnownFileType = sourcecode.swift; path = ListViewModel.swift; sourceTree = "<group>"; };
		085A914C2909DF52000A2D62 /* CoreDateHelper.swift */ = {isa = PBXFileReference; lastKnownFileType = sourcecode.swift; path = CoreDateHelper.swift; sourceTree = "<group>"; };
/* End PBXFileReference section */

/* Begin PBXFrameworksBuildPhase section */
		085A911F2909CA7B000A2D62 /* Frameworks */ = {
			isa = PBXFrameworksBuildPhase;
			buildActionMask = 2147483647;
			files = (
			);
			runOnlyForDeploymentPostprocessing = 0;
		};
/* End PBXFrameworksBuildPhase section */

/* Begin PBXGroup section */
		085A91192909CA7B000A2D62 = {
			isa = PBXGroup;
			children = (
				085A91242909CA7B000A2D62 /* Todolistapp */,
				085A91232909CA7B000A2D62 /* Products */,
			);
			sourceTree = "<group>";
		};
		085A91232909CA7B000A2D62 /* Products */ = {
			isa = PBXGroup;
			children = (
				085A91222909CA7B000A2D62 /* Todolistapp.app */,
			);
			name = Products;
			sourceTree = "<group>";
		};
		085A91242909CA7B000A2D62 /* Todolistapp */ = {
			isa = PBXGroup;
			children = (
				085A91252909CA7B000A2D62 /* AppDelegate.swift */,
				085A91272909CA7B000A2D62 /* SceneDelegate.swift */,
				085A913E2909CE67000A2D62 /* Helper */,
				085A913B2909CCA0000A2D62 /* Model */,
				085A91492909DE0F000A2D62 /* ViewModel */,
				085A913A2909CC94000A2D62 /* View */,
				085A91392909CC71000A2D62 /* Controller */,
				085A912B2909CA7B000A2D62 /* Main.storyboard */,
				085A912E2909CA7E000A2D62 /* Assets.xcassets */,
				085A91302909CA7E000A2D62 /* LaunchScreen.storyboard */,
				085A91332909CA7E000A2D62 /* Info.plist */,
				085A91412909D70B000A2D62 /* TodoListapp.xcdatamodeld */,
			);
			path = Todolistapp;
			sourceTree = "<group>";
		};
		085A91392909CC71000A2D62 /* Controller */ = {
			isa = PBXGroup;
			children = (
			);
			path = Controller;
			sourceTree = "<group>";
		};
		085A913A2909CC94000A2D62 /* View */ = {
			isa = PBXGroup;
			children = (
				085A913C2909CD02000A2D62 /* ListVC.swift */,
			);
			path = View;
			sourceTree = "<group>";
		};
		085A913B2909CCA0000A2D62 /* Model */ = {
			isa = PBXGroup;
			children = (
			);
			path = Model;
			sourceTree = "<group>";
		};
		085A913E2909CE67000A2D62 /* Helper */ = {
			isa = PBXGroup;
			children = (
				085A91442909D823000A2D62 /* List+CoreDataClass.swift */,
				085A91452909D823000A2D62 /* List+CoreDataProperties.swift */,
				085A913F2909CEA9000A2D62 /* UIViewController+Ext.swift */,
				085A914C2909DF52000A2D62 /* CoreDateHelper.swift */,
			);
			path = Helper;
			sourceTree = "<group>";
		};
		085A91492909DE0F000A2D62 /* ViewModel */ = {
			isa = PBXGroup;
			children = (
				085A914A2909DE37000A2D62 /* ListViewModel.swift */,
			);
			path = ViewModel;
			sourceTree = "<group>";
		};
/* End PBXGroup section */

/* Begin PBXNativeTarget section */
		085A91212909CA7B000A2D62 /* Todolistapp */ = {
			isa = PBXNativeTarget;
			buildConfigurationList = 085A91362909CA7E000A2D62 /* Build configuration list for PBXNativeTarget "Todolistapp" */;
			buildPhases = (
				085A911E2909CA7B000A2D62 /* Sources */,
				085A911F2909CA7B000A2D62 /* Frameworks */,
				085A91202909CA7B000A2D62 /* Resources */,
			);
			buildRules = (
			);
			dependencies = (
			);
			name = Todolistapp;
			productName = Todolistapp;
			productReference = 085A91222909CA7B000A2D62 /* Todolistapp.app */;
			productType = "com.apple.product-type.application";
		};
/* End PBXNativeTarget section */

/* Begin PBXProject section */
		085A911A2909CA7B000A2D62 /* Project object */ = {
			isa = PBXProject;
			attributes = {
				BuildIndependentTargetsInParallel = 1;
				LastSwiftUpdateCheck = 1400;
				LastUpgradeCheck = 1400;
				TargetAttributes = {
					085A91212909CA7B000A2D62 = {
						CreatedOnToolsVersion = 14.0.1;
					};
				};
			};
			buildConfigurationList = 085A911D2909CA7B000A2D62 /* Build configuration list for PBXProject "Todolistapp" */;
			compatibilityVersion = "Xcode 14.0";
			developmentRegion = en;
			hasScannedForEncodings = 0;
			knownRegions = (
				en,
				Base,
			);
			mainGroup = 085A91192909CA7B000A2D62;
			productRefGroup = 085A91232909CA7B000A2D62 /* Products */;
			projectDirPath = "";
			projectRoot = "";
			targets = (
				085A91212909CA7B000A2D62 /* Todolistapp */,
			);
		};
/* End PBXProject section */

/* Begin PBXResourcesBuildPhase section */
		085A91202909CA7B000A2D62 /* Resources */ = {
			isa = PBXResourcesBuildPhase;
			buildActionMask = 2147483647;
			files = (
				085A91322909CA7E000A2D62 /* LaunchScreen.storyboard in Resources */,
				085A912F2909CA7E000A2D62 /* Assets.xcassets in Resources */,
				085A912D2909CA7B000A2D62 /* Main.storyboard in Resources */,
			);
			runOnlyForDeploymentPostprocessing = 0;
		};
/* End PBXResourcesBuildPhase section */

/* Begin PBXSourcesBuildPhase section */
		085A911E2909CA7B000A2D62 /* Sources */ = {
			isa = PBXSourcesBuildPhase;
			buildActionMask = 2147483647;
			files = (
				085A91432909D70B000A2D62 /* TodoListapp.xcdatamodeld in Sources */,
				085A91462909D823000A2D62 /* List+CoreDataClass.swift in Sources */,
				085A913D2909CD02000A2D62 /* ListVC.swift in Sources */,
				085A91262909CA7B000A2D62 /* AppDelegate.swift in Sources */,
				085A91402909CEA9000A2D62 /* UIViewController+Ext.swift in Sources */,
				085A91472909D823000A2D62 /* List+CoreDataProperties.swift in Sources */,
				085A914B2909DE37000A2D62 /* ListViewModel.swift in Sources */,
				085A91282909CA7B000A2D62 /* SceneDelegate.swift in Sources */,
				085A914D2909DF52000A2D62 /* CoreDateHelper.swift in Sources */,
			);
			runOnlyForDeploymentPostprocessing = 0;
		};
/* End PBXSourcesBuildPhase section */

/* Begin PBXVariantGroup section */
		085A912B2909CA7B000A2D62 /* Main.storyboard */ = {
			isa = PBXVariantGroup;
			children = (
				085A912C2909CA7B000A2D62 /* Base */,
			);
			name = Main.storyboard;
			sourceTree = "<group>";
		};
		085A91302909CA7E000A2D62 /* LaunchScreen.storyboard */ = {
			isa = PBXVariantGroup;
			children = (
				085A91312909CA7E000A2D62 /* Base */,
			);
			name = LaunchScreen.storyboard;
			sourceTree = "<group>";
		};
/* End PBXVariantGroup section */

/* Begin XCBuildConfiguration section */
		085A91342909CA7E000A2D62 /* Debug */ = {
			isa = XCBuildConfiguration;
			buildSettings = {
				ALWAYS_SEARCH_USER_PATHS = NO;
				CLANG_ANALYZER_NONNULL = YES;
				CLANG_ANALYZER_NUMBER_OBJECT_CONVERSION = YES_AGGRESSIVE;
				CLANG_CXX_LANGUAGE_STANDARD = "gnu++20";
				CLANG_ENABLE_MODULES = YES;
				CLANG_ENABLE_OBJC_ARC = YES;
				CLANG_ENABLE_OBJC_WEAK = YES;
				CLANG_WARN_BLOCK_CAPTURE_AUTORELEASING = YES;
				CLANG_WARN_BOOL_CONVERSION = YES;
				CLANG_WARN_COMMA = YES;
				CLANG_WARN_CONSTANT_CONVERSION = YES;
				CLANG_WARN_DEPRECATED_OBJC_IMPLEMENTATIONS = YES;
				CLANG_WARN_DIRECT_OBJC_ISA_USAGE = YES_ERROR;
				CLANG_WARN_DOCUMENTATION_COMMENTS = YES;
				CLANG_WARN_EMPTY_BODY = YES;
				CLANG_WARN_ENUM_CONVERSION = YES;
				CLANG_WARN_INFINITE_RECURSION = YES;
				CLANG_WARN_INT_CONVERSION = YES;
				CLANG_WARN_NON_LITERAL_NULL_CONVERSION = YES;
				CLANG_WARN_OBJC_IMPLICIT_RETAIN_SELF = YES;
				CLANG_WARN_OBJC_LITERAL_CONVERSION = YES;
				CLANG_WARN_OBJC_ROOT_CLASS = YES_ERROR;
				CLANG_WARN_QUOTED_INCLUDE_IN_FRAMEWORK_HEADER = YES;
				CLANG_WARN_RANGE_LOOP_ANALYSIS = YES;
				CLANG_WARN_STRICT_PROTOTYPES = YES;
				CLANG_WARN_SUSPICIOUS_MOVE = YES;
				CLANG_WARN_UNGUARDED_AVAILABILITY = YES_AGGRESSIVE;
				CLANG_WARN_UNREACHABLE_CODE = YES;
				CLANG_WARN__DUPLICATE_METHOD_MATCH = YES;
				COPY_PHASE_STRIP = NO;
				DEBUG_INFORMATION_FORMAT = dwarf;
				ENABLE_STRICT_OBJC_MSGSEND = YES;
				ENABLE_TESTABILITY = YES;
				GCC_C_LANGUAGE_STANDARD = gnu11;
				GCC_DYNAMIC_NO_PIC = NO;
				GCC_NO_COMMON_BLOCKS = YES;
				GCC_OPTIMIZATION_LEVEL = 0;
				GCC_PREPROCESSOR_DEFINITIONS = (
					"DEBUG=1",
					"$(inherited)",
				);
				GCC_WARN_64_TO_32_BIT_CONVERSION = YES;
				GCC_WARN_ABOUT_RETURN_TYPE = YES_ERROR;
				GCC_WARN_UNDECLARED_SELECTOR = YES;
				GCC_WARN_UNINITIALIZED_AUTOS = YES_AGGRESSIVE;
				GCC_WARN_UNUSED_FUNCTION = YES;
				GCC_WARN_UNUSED_VARIABLE = YES;
				IPHONEOS_DEPLOYMENT_TARGET = 16.0;
				MTL_ENABLE_DEBUG_INFO = INCLUDE_SOURCE;
				MTL_FAST_MATH = YES;
				ONLY_ACTIVE_ARCH = YES;
				SDKROOT = iphoneos;
				SWIFT_ACTIVE_COMPILATION_CONDITIONS = DEBUG;
				SWIFT_OPTIMIZATION_LEVEL = "-Onone";
			};
			name = Debug;
		};
		085A91352909CA7E000A2D62 /* Release */ = {
			isa = XCBuildConfiguration;
			buildSettings = {
				ALWAYS_SEARCH_USER_PATHS = NO;
				CLANG_ANALYZER_NONNULL = YES;
				CLANG_ANALYZER_NUMBER_OBJECT_CONVERSION = YES_AGGRESSIVE;
				CLANG_CXX_LANGUAGE_STANDARD = "gnu++20";
				CLANG_ENABLE_MODULES = YES;
				CLANG_ENABLE_OBJC_ARC = YES;
				CLANG_ENABLE_OBJC_WEAK = YES;
				CLANG_WARN_BLOCK_CAPTURE_AUTORELEASING = YES;
				CLANG_WARN_BOOL_CONVERSION = YES;
				CLANG_WARN_COMMA = YES;
				CLANG_WARN_CONSTANT_CONVERSION = YES;
				CLANG_WARN_DEPRECATED_OBJC_IMPLEMENTATIONS = YES;
				CLANG_WARN_DIRECT_OBJC_ISA_USAGE = YES_ERROR;
				CLANG_WARN_DOCUMENTATION_COMMENTS = YES;
				CLANG_WARN_EMPTY_BODY = YES;
				CLANG_WARN_ENUM_CONVERSION = YES;
				CLANG_WARN_INFINITE_RECURSION = YES;
				CLANG_WARN_INT_CONVERSION = YES;
				CLANG_WARN_NON_LITERAL_NULL_CONVERSION = YES;
				CLANG_WARN_OBJC_IMPLICIT_RETAIN_SELF = YES;
				CLANG_WARN_OBJC_LITERAL_CONVERSION = YES;
				CLANG_WARN_OBJC_ROOT_CLASS = YES_ERROR;
				CLANG_WARN_QUOTED_INCLUDE_IN_FRAMEWORK_HEADER = YES;
				CLANG_WARN_RANGE_LOOP_ANALYSIS = YES;
				CLANG_WARN_STRICT_PROTOTYPES = YES;
				CLANG_WARN_SUSPICIOUS_MOVE = YES;
				CLANG_WARN_UNGUARDED_AVAILABILITY = YES_AGGRESSIVE;
				CLANG_WARN_UNREACHABLE_CODE = YES;
				CLANG_WARN__DUPLICATE_METHOD_MATCH = YES;
				COPY_PHASE_STRIP = NO;
				DEBUG_INFORMATION_FORMAT = "dwarf-with-dsym";
				ENABLE_NS_ASSERTIONS = NO;
				ENABLE_STRICT_OBJC_MSGSEND = YES;
				GCC_C_LANGUAGE_STANDARD = gnu11;
				GCC_NO_COMMON_BLOCKS = YES;
				GCC_WARN_64_TO_32_BIT_CONVERSION = YES;
				GCC_WARN_ABOUT_RETURN_TYPE = YES_ERROR;
				GCC_WARN_UNDECLARED_SELECTOR = YES;
				GCC_WARN_UNINITIALIZED_AUTOS = YES_AGGRESSIVE;
				GCC_WARN_UNUSED_FUNCTION = YES;
				GCC_WARN_UNUSED_VARIABLE = YES;
				IPHONEOS_DEPLOYMENT_TARGET = 16.0;
				MTL_ENABLE_DEBUG_INFO = NO;
				MTL_FAST_MATH = YES;
				SDKROOT = iphoneos;
				SWIFT_COMPILATION_MODE = wholemodule;
				SWIFT_OPTIMIZATION_LEVEL = "-O";
				VALIDATE_PRODUCT = YES;
			};
			name = Release;
		};
		085A91372909CA7E000A2D62 /* Debug */ = {
			isa = XCBuildConfiguration;
			buildSettings = {
				ASSETCATALOG_COMPILER_APPICON_NAME = AppIcon;
				ASSETCATALOG_COMPILER_GLOBAL_ACCENT_COLOR_NAME = AccentColor;
				CODE_SIGN_STYLE = Automatic;
				CURRENT_PROJECT_VERSION = 1;
				DEVELOPMENT_TEAM = LWQ6LZZQ5Q;
				GENERATE_INFOPLIST_FILE = YES;
				INFOPLIST_FILE = Todolistapp/Info.plist;
				INFOPLIST_KEY_UIApplicationSupportsIndirectInputEvents = YES;
				INFOPLIST_KEY_UILaunchStoryboardName = LaunchScreen;
				INFOPLIST_KEY_UIMainStoryboardFile = Main;
				INFOPLIST_KEY_UISupportedInterfaceOrientations_iPad = "UIInterfaceOrientationPortrait UIInterfaceOrientationPortraitUpsideDown UIInterfaceOrientationLandscapeLeft UIInterfaceOrientationLandscapeRight";
				INFOPLIST_KEY_UISupportedInterfaceOrientations_iPhone = "UIInterfaceOrientationPortrait UIInterfaceOrientationLandscapeLeft UIInterfaceOrientationLandscapeRight";
				LD_RUNPATH_SEARCH_PATHS = (
					"$(inherited)",
					"@executable_path/Frameworks",
				);
				MARKETING_VERSION = 1.0;
				PRODUCT_BUNDLE_IDENTIFIER = nailtasdemir.Todolistapp;
				PRODUCT_NAME = "$(TARGET_NAME)";
				SWIFT_EMIT_LOC_STRINGS = YES;
				SWIFT_VERSION = 5.0;
				TARGETED_DEVICE_FAMILY = "1,2";
			};
			name = Debug;
		};
		085A91382909CA7E000A2D62 /* Release */ = {
			isa = XCBuildConfiguration;
			buildSettings = {
				ASSETCATALOG_COMPILER_APPICON_NAME = AppIcon;
				ASSETCATALOG_COMPILER_GLOBAL_ACCENT_COLOR_NAME = AccentColor;
				CODE_SIGN_STYLE = Automatic;
				CURRENT_PROJECT_VERSION = 1;
				DEVELOPMENT_TEAM = LWQ6LZZQ5Q;
				GENERATE_INFOPLIST_FILE = YES;
				INFOPLIST_FILE = Todolistapp/Info.plist;
				INFOPLIST_KEY_UIApplicationSupportsIndirectInputEvents = YES;
				INFOPLIST_KEY_UILaunchStoryboardName = LaunchScreen;
				INFOPLIST_KEY_UIMainStoryboardFile = Main;
				INFOPLIST_KEY_UISupportedInterfaceOrientations_iPad = "UIInterfaceOrientationPortrait UIInterfaceOrientationPortraitUpsideDown UIInterfaceOrientationLandscapeLeft UIInterfaceOrientationLandscapeRight";
				INFOPLIST_KEY_UISupportedInterfaceOrientations_iPhone = "UIInterfaceOrientationPortrait UIInterfaceOrientationLandscapeLeft UIInterfaceOrientationLandscapeRight";
				LD_RUNPATH_SEARCH_PATHS = (
					"$(inherited)",
					"@executable_path/Frameworks",
				);
				MARKETING_VERSION = 1.0;
				PRODUCT_BUNDLE_IDENTIFIER = nailtasdemir.Todolistapp;
				PRODUCT_NAME = "$(TARGET_NAME)";
				SWIFT_EMIT_LOC_STRINGS = YES;
				SWIFT_VERSION = 5.0;
				TARGETED_DEVICE_FAMILY = "1,2";
			};
			name = Release;
		};
/* End XCBuildConfiguration section */

/* Begin XCConfigurationList section */
		085A911D2909CA7B000A2D62 /* Build configuration list for PBXProject "Todolistapp" */ = {
			isa = XCConfigurationList;
			buildConfigurations = (
				085A91342909CA7E000A2D62 /* Debug */,
				085A91352909CA7E000A2D62 /* Release */,
			);
			defaultConfigurationIsVisible = 0;
			defaultConfigurationName = Release;
		};
		085A91362909CA7E000A2D62 /* Build configuration list for PBXNativeTarget "Todolistapp" */ = {
			isa = XCConfigurationList;
			buildConfigurations = (
				085A91372909CA7E000A2D62 /* Debug */,
				085A91382909CA7E000A2D62 /* Release */,
			);
			defaultConfigurationIsVisible = 0;
			defaultConfigurationName = Release;
		};
/* End XCConfigurationList section */

/* Begin XCVersionGroup section */
		085A91412909D70B000A2D62 /* TodoListapp.xcdatamodeld */ = {
			isa = XCVersionGroup;
			children = (
				085A91422909D70B000A2D62 /* TodoListapp.xcdatamodel */,
			);
			currentVersion = 085A91422909D70B000A2D62 /* TodoListapp.xcdatamodel */;
			path = TodoListapp.xcdatamodeld;
			sourceTree = "<group>";
			versionGroupType = wrapper.xcdatamodel;
		};
/* End XCVersionGroup section */
	};
	rootObject = 085A911A2909CA7B000A2D62 /* Project object */;
}
